
Microsoft Visual Studio Solution File, Format Version 12.00
# Visual Studio Version 16
VisualStudioVersion = 16.0.30517.126
MinimumVisualStudioVersion = 10.0.40219.1
Project("{FAE04EC0-301F-11D3-BF4B-00C04F79EFBC}") = "RandomNumberGenerators", "RandomNumberGenerators\RandomNumberGenerators.csproj", "{9B7220D7-516B-4940-9E7A-3877BE7B97A3}"
EndProject
Project("{FAE04EC0-301F-11D3-BF4B-00C04F79EFBC}") = "DiceGame", "DiceGame\DiceGame.csproj", "{2919CC1E-02ED-416D-B7F2-9A5F55E53676}"
EndProject
Global
	GlobalSection(SolutionConfigurationPlatforms) = preSolution
		Debug|Any CPU = Debug|Any CPU
		Release|Any CPU = Release|Any CPU
	EndGlobalSection
	GlobalSection(ProjectConfigurationPlatforms) = postSolution
		{9B7220D7-516B-4940-9E7A-3877BE7B97A3}.Debug|Any CPU.ActiveCfg = Debug|Any CPU
		{9B7220D7-516B-4940-9E7A-3877BE7B97A3}.Debug|Any CPU.Build.0 = Debug|Any CPU
		{9B7220D7-516B-4940-9E7A-3877BE7B97A3}.Release|Any CPU.ActiveCfg = Release|Any CPU
		{9B7220D7-516B-4940-9E7A-3877BE7B97A3}.Release|Any CPU.Build.0 = Release|Any CPU
		{2919CC1E-02ED-416D-B7F2-9A5F55E53676}.Debug|Any CPU.ActiveCfg = Debug|Any CPU
		{2919CC1E-02ED-416D-B7F2-9A5F55E53676}.Debug|Any CPU.Build.0 = Debug|Any CPU
		{2919CC1E-02ED-416D-B7F2-9A5F55E53676}.Release|Any CPU.ActiveCfg = Release|Any CPU
		{2919CC1E-02ED-416D-B7F2-9A5F55E53676}.Release|Any CPU.Build.0 = Release|Any CPU
	EndGlobalSection
	GlobalSection(SolutionProperties) = preSolution
		HideSolutionNode = FALSE
	EndGlobalSection
	GlobalSection(ExtensibilityGlobals) = postSolution
		SolutionGuid = {52CB1286-727F-4BC5-B146-2093C88C7FE5}
	EndGlobalSection
EndGlobal
